
Microsoft Visual Studio Solution File, Format Version 12.00
# Visual Studio Version 16
VisualStudioVersion = 16.0.31613.86
MinimumVisualStudioVersion = 10.0.40219.1
Project("{FAE04EC0-301F-11D3-BF4B-00C04F79EFBC}") = "TheShop", "TheShop.csproj", "{7D43F22B-DCDF-4667-8692-C3F7B8132E3F}"
EndProject
Global
	GlobalSection(SolutionConfigurationPlatforms) = preSolution
		Debug|Any CPU = Debug|Any CPU
		Release|Any CPU = Release|Any CPU
	EndGlobalSection
	GlobalSection(ProjectConfigurationPlatforms) = postSolution
		{7D43F22B-DCDF-4667-8692-C3F7B8132E3F}.Debug|Any CPU.ActiveCfg = Debug|Any CPU
		{7D43F22B-DCDF-4667-8692-C3F7B8132E3F}.Debug|Any CPU.Build.0 = Debug|Any CPU
		{7D43F22B-DCDF-4667-8692-C3F7B8132E3F}.Release|Any CPU.ActiveCfg = Release|Any CPU
		{7D43F22B-DCDF-4667-8692-C3F7B8132E3F}.Release|Any CPU.Build.0 = Release|Any CPU
	EndGlobalSection
	GlobalSection(SolutionProperties) = preSolution
		HideSolutionNode = FALSE
	EndGlobalSection
	GlobalSection(ExtensibilityGlobals) = postSolution
		SolutionGuid = {C88484C2-43A0-4C60-A510-90A2D49734F6}
	EndGlobalSection
EndGlobal
